
Microsoft Visual Studio Solution File, Format Version 12.00
# Visual Studio Version 17
VisualStudioVersion = 17.11.35222.181
MinimumVisualStudioVersion = 10.0.40219.1
Project("{FAE04EC0-301F-11D3-BF4B-00C04F79EFBC}") = "Wiazanie danych", "Wiazanie danych.csproj", "{667E99DD-8507-4A39-AB37-1C77D65E17E0}"
EndProject
Global
	GlobalSection(SolutionConfigurationPlatforms) = preSolution
		Debug|Any CPU = Debug|Any CPU
		Release|Any CPU = Release|Any CPU
	EndGlobalSection
	GlobalSection(ProjectConfigurationPlatforms) = postSolution
		{667E99DD-8507-4A39-AB37-1C77D65E17E0}.Debug|Any CPU.ActiveCfg = Debug|Any CPU
		{667E99DD-8507-4A39-AB37-1C77D65E17E0}.Debug|Any CPU.Build.0 = Debug|Any CPU
		{667E99DD-8507-4A39-AB37-1C77D65E17E0}.Release|Any CPU.ActiveCfg = Release|Any CPU
		{667E99DD-8507-4A39-AB37-1C77D65E17E0}.Release|Any CPU.Build.0 = Release|Any CPU
	EndGlobalSection
	GlobalSection(SolutionProperties) = preSolution
		HideSolutionNode = FALSE
	EndGlobalSection
	GlobalSection(ExtensibilityGlobals) = postSolution
		SolutionGuid = {F60745FF-92BE-4B24-8C12-0B47898088E4}
	EndGlobalSection
EndGlobal
